
Microsoft Visual Studio Solution File, Format Version 12.00
# Visual Studio Version 17
VisualStudioVersion = 17.11.35312.102
MinimumVisualStudioVersion = 10.0.40219.1
Project("{FAE04EC0-301F-11D3-BF4B-00C04F79EFBC}") = "ındex3", "ındex3\ındex3.csproj", "{7DAB2327-CBB5-46B2-9EE0-D0A861CBF5B0}"
EndProject
Global
	GlobalSection(SolutionConfigurationPlatforms) = preSolution
		Debug|Any CPU = Debug|Any CPU
		Release|Any CPU = Release|Any CPU
	EndGlobalSection
	GlobalSection(ProjectConfigurationPlatforms) = postSolution
		{7DAB2327-CBB5-46B2-9EE0-D0A861CBF5B0}.Debug|Any CPU.ActiveCfg = Debug|Any CPU
		{7DAB2327-CBB5-46B2-9EE0-D0A861CBF5B0}.Debug|Any CPU.Build.0 = Debug|Any CPU
		{7DAB2327-CBB5-46B2-9EE0-D0A861CBF5B0}.Release|Any CPU.ActiveCfg = Release|Any CPU
		{7DAB2327-CBB5-46B2-9EE0-D0A861CBF5B0}.Release|Any CPU.Build.0 = Release|Any CPU
	EndGlobalSection
	GlobalSection(SolutionProperties) = preSolution
		HideSolutionNode = FALSE
	EndGlobalSection
	GlobalSection(ExtensibilityGlobals) = postSolution
		SolutionGuid = {8E386B77-AF5C-47BC-9622-F68D8FF9DB20}
	EndGlobalSection
EndGlobal
